
Microsoft Visual Studio Solution File, Format Version 12.00
# Visual Studio Version 17
VisualStudioVersion = 17.6.33829.357
MinimumVisualStudioVersion = 10.0.40219.1
Project("{8BC9CEB8-8B4A-11D0-8D11-00A0C91BC942}") = "sore-crow", "sore-crow\sore-crow.vcxproj", "{166CC68F-A074-470D-A1ED-7A074622A495}"
EndProject
Project("{8BC9CEB8-8B4A-11D0-8D11-00A0C91BC942}") = "crow-jmdict-parser", "plugins\crow-jmdict-parser\crow-jmdict-parser.vcxproj", "{722BB726-C239-4050-8151-26AD1C2D699B}"
EndProject
Global
	GlobalSection(SolutionConfigurationPlatforms) = preSolution
		Debug|x64 = Debug|x64
		Debug|x86 = Debug|x86
		Deploy|x64 = Deploy|x64
		Deploy|x86 = Deploy|x86
		Release|x64 = Release|x64
		Release|x86 = Release|x86
	EndGlobalSection
	GlobalSection(ProjectConfigurationPlatforms) = postSolution
		{166CC68F-A074-470D-A1ED-7A074622A495}.Debug|x64.ActiveCfg = Debug|x64
		{166CC68F-A074-470D-A1ED-7A074622A495}.Debug|x64.Build.0 = Debug|x64
		{166CC68F-A074-470D-A1ED-7A074622A495}.Debug|x86.ActiveCfg = Debug|x64
		{166CC68F-A074-470D-A1ED-7A074622A495}.Debug|x86.Build.0 = Debug|x64
		{166CC68F-A074-470D-A1ED-7A074622A495}.Deploy|x64.ActiveCfg = Deploy|x64
		{166CC68F-A074-470D-A1ED-7A074622A495}.Deploy|x64.Build.0 = Deploy|x64
		{166CC68F-A074-470D-A1ED-7A074622A495}.Deploy|x86.ActiveCfg = Deploy|x64
		{166CC68F-A074-470D-A1ED-7A074622A495}.Deploy|x86.Build.0 = Deploy|x64
		{166CC68F-A074-470D-A1ED-7A074622A495}.Release|x64.ActiveCfg = Release|x64
		{166CC68F-A074-470D-A1ED-7A074622A495}.Release|x64.Build.0 = Release|x64
		{166CC68F-A074-470D-A1ED-7A074622A495}.Release|x86.ActiveCfg = Release|x64
		{166CC68F-A074-470D-A1ED-7A074622A495}.Release|x86.Build.0 = Release|x64
		{722BB726-C239-4050-8151-26AD1C2D699B}.Debug|x64.ActiveCfg = Debug|x64
		{722BB726-C239-4050-8151-26AD1C2D699B}.Debug|x64.Build.0 = Debug|x64
		{722BB726-C239-4050-8151-26AD1C2D699B}.Debug|x86.ActiveCfg = Debug|Win32
		{722BB726-C239-4050-8151-26AD1C2D699B}.Debug|x86.Build.0 = Debug|Win32
		{722BB726-C239-4050-8151-26AD1C2D699B}.Deploy|x64.ActiveCfg = Debug|x64
		{722BB726-C239-4050-8151-26AD1C2D699B}.Deploy|x64.Build.0 = Debug|x64
		{722BB726-C239-4050-8151-26AD1C2D699B}.Deploy|x86.ActiveCfg = Debug|Win32
		{722BB726-C239-4050-8151-26AD1C2D699B}.Deploy|x86.Build.0 = Debug|Win32
		{722BB726-C239-4050-8151-26AD1C2D699B}.Release|x64.ActiveCfg = Release|x64
		{722BB726-C239-4050-8151-26AD1C2D699B}.Release|x64.Build.0 = Release|x64
		{722BB726-C239-4050-8151-26AD1C2D699B}.Release|x86.ActiveCfg = Release|Win32
		{722BB726-C239-4050-8151-26AD1C2D699B}.Release|x86.Build.0 = Release|Win32
	EndGlobalSection
	GlobalSection(SolutionProperties) = preSolution
		HideSolutionNode = FALSE
	EndGlobalSection
	GlobalSection(ExtensibilityGlobals) = postSolution
		SolutionGuid = {5D4D9F40-ED57-4671-A277-64E5A1C70929}
	EndGlobalSection
EndGlobal
