<?xml version="1.0" encoding="utf-8"?>
<Project ToolsVersion="4.0" xmlns="http://schemas.microsoft.com/developer/msbuild/2003">
  <ItemGroup>
    <Filter Include="Source Files">
      <UniqueIdentifier>{4FC737F1-C7A5-4376-A066-2A32D752A2FF}</UniqueIdentifier>
      <Extensions>qml;cpp;c;cc;cxx;def;odl;idl;hpj;bat;asm;asmx</Extensions>
    </Filter>
    <Filter Include="Header Files">
      <UniqueIdentifier>{93995380-89BD-4b04-88EB-625FBE52EBFB}</UniqueIdentifier>
      <Extensions>h;hh;hpp;hxx;hm;inl;inc;xsd</Extensions>
    </Filter>
    <Filter Include="Resource Files">
      <UniqueIdentifier>{67DA6AB6-F800-4c08-8B7A-83BB121AAD01}</UniqueIdentifier>
      <Extensions>qrc;rc;ico;cur;bmp;dlg;rc2;rct;bin;rgs;gif;jpg;jpeg;jpe;resx;tiff;tif;png;wav;mfcribbon-ms</Extensions>
    </Filter>
    <Filter Include="Form Files">
      <UniqueIdentifier>{99349809-55BA-4b9d-BF79-8FDBB0286EB3}</UniqueIdentifier>
      <Extensions>ui</Extensions>
    </Filter>
    <Filter Include="Translation Files">
      <UniqueIdentifier>{639EADAA-A684-42e4-A9AD-28FC9BCB8F7C}</UniqueIdentifier>
      <Extensions>ts</Extensions>
    </Filter>
    <Filter Include="Vendor Files">
      <UniqueIdentifier>{db54a10e-7d4e-40d2-8f4d-09fe21b3a43e}</UniqueIdentifier>
    </Filter>
    <Filter Include="Vendor Files\QASS">
      <UniqueIdentifier>{e0bd4b82-c4b2-45df-8bb3-04a2bdcb0d2d}</UniqueIdentifier>
    </Filter>
  </ItemGroup>
  <ItemGroup>
    <ResourceCompile Include="sore-crow.rc">
      <Filter>Resource Files</Filter>
    </ResourceCompile>
  </ItemGroup>
  <ItemGroup>
    <ClCompile Include="src\main.cpp">
      <Filter>Source Files</Filter>
    </ClCompile>
    <ClCompile Include="src\pch.cpp">
      <Filter>Source Files</Filter>
    </ClCompile>
    <ClCompile Include="src\gui\view\splash_window\splash_window.cpp">
      <Filter>Source Files</Filter>
    </ClCompile>
    <ClCompile Include="src\core\project\project_data.cpp">
      <Filter>Source Files</Filter>
    </ClCompile>
    <ClCompile Include="src\app\crow_app.cpp">
      <Filter>Source Files</Filter>
    </ClCompile>
    <ClCompile Include="..\vendor\qass\src\QtAdvancedStylesheet.cpp">
      <Filter>Vendor Files\QASS</Filter>
    </ClCompile>
    <ClCompile Include="src\core\stylesheet\stylesheet_handler.cpp">
      <Filter>Source Files</Filter>
    </ClCompile>
    <ClCompile Include="src\core\settings\settings_handler.cpp">
      <Filter>Source Files</Filter>
    </ClCompile>
    <ClCompile Include="src\core\filesystem\filesystem_handler.cpp">
      <Filter>Source Files</Filter>
    </ClCompile>
    <ClCompile Include="src\gui\view\create_project_dialog\create_project_dialog.cpp">
      <Filter>Source Files</Filter>
    </ClCompile>
    <ClCompile Include="src\gui\view\crow_window\crow_window.cpp">
      <Filter>Source Files</Filter>
    </ClCompile>
    <ClCompile Include="src\gui\widgets\crow_player\crow_player.cpp">
      <Filter>Source Files</Filter>
    </ClCompile>
    <ClCompile Include="src\core\mpv\mpv_handler.cpp">
      <Filter>Source Files</Filter>
    </ClCompile>
    <ClCompile Include="src\gui\widgets\mpv_widget\mpv_widget.cpp">
      <Filter>Source Files</Filter>
    </ClCompile>
    <ClCompile Include="src\gui\widgets\player_controls\player_controls.cpp">
      <Filter>Source Files</Filter>
    </ClCompile>
    <ClCompile Include="src\gui\view\crow_window\crow_window_actions.cpp">
      <Filter>Source Files</Filter>
    </ClCompile>
    <ClCompile Include="src\gui\widgets\crow_player_wrapper\crow_player_wrapper.cpp">
      <Filter>Source Files</Filter>
    </ClCompile>
  </ItemGroup>
  <ItemGroup>
    <ClInclude Include="src\pch.h">
      <Filter>Header Files</Filter>
    </ClInclude>
    <ClInclude Include="src\constants.h">
      <Filter>Header Files</Filter>
    </ClInclude>
    <ClInclude Include="src\app\crow_app.h">
      <Filter>Header Files</Filter>
    </ClInclude>
    <ClInclude Include="..\vendor\qass\src\acss_globals.h">
      <Filter>Vendor Files\QASS</Filter>
    </ClInclude>
    <ClInclude Include="src\core\handlers.h">
      <Filter>Header Files</Filter>
    </ClInclude>
    <ClInclude Include="src\core\settings\crow_settings.h">
      <Filter>Header Files</Filter>
    </ClInclude>
    <ClInclude Include="src\core\settings\settings_handler.h">
      <Filter>Header Files</Filter>
    </ClInclude>
    <ClInclude Include="src\core\filesystem\filesystem_handler.h">
      <Filter>Header Files</Filter>
    </ClInclude>
    <ClInclude Include="src\utils\dialog_utils.h">
      <Filter>Header Files</Filter>
    </ClInclude>
    <ClInclude Include="src\utils\string_utils.h">
      <Filter>Header Files</Filter>
    </ClInclude>
    <ClInclude Include="src\utils\message_box_utils.h">
      <Filter>Header Files</Filter>
    </ClInclude>
    <ClInclude Include="src\core\mpv\utils\mpv_node.h">
      <Filter>Header Files</Filter>
    </ClInclude>
    <ClInclude Include="src\core\mpv\mpv_error.h">
      <Filter>Header Files</Filter>
    </ClInclude>
    <ClInclude Include="src\core\mpv\utils\mpv_commands.h">
      <Filter>Header Files</Filter>
    </ClInclude>
    <ClInclude Include="src\core\project\project_utils.h">
      <Filter>Header Files</Filter>
    </ClInclude>
    <ClInclude Include="src\gui\widgets\crow_slider\crow_slider.h">
      <Filter>Header Files</Filter>
    </ClInclude>
    <ClInclude Include="src\core\mpv\utils\mpv_tracks.h">
      <Filter>Header Files</Filter>
    </ClInclude>
    <ClInclude Include="src\core\mpv\utils\mpv_audio_devices.h">
      <Filter>Header Files</Filter>
    </ClInclude>
    <ClInclude Include="src\gui\worker\workers.h">
      <Filter>Header Files</Filter>
    </ClInclude>
    <ClInclude Include="src\utils\action_utils.h">
      <Filter>Header Files</Filter>
    </ClInclude>
    <ClInclude Include="src\core\subtitle\parser\srt_parser.h">
      <Filter>Header Files</Filter>
    </ClInclude>
    <ClInclude Include="src\core\subtitle\parser\ass_parser.h">
      <Filter>Header Files</Filter>
    </ClInclude>
    <ClInclude Include="src\core\subtitle\parser\ass_components.h">
      <Filter>Header Files</Filter>
    </ClInclude>
    <ClInclude Include="src\core\subtitle\parser\srt_components.h">
      <Filter>Header Files</Filter>
    </ClInclude>
    <ClInclude Include="src\core\subtitle\subtitle_factory.h">
      <Filter>Header Files</Filter>
    </ClInclude>
    <ClInclude Include="src\core\subtitle\subtitles.h">
      <Filter>Header Files</Filter>
    </ClInclude>
    <ClInclude Include="src\gui\model\subtitle_delegate.h">
      <Filter>Header Files</Filter>
    </ClInclude>
    <ClInclude Include="src\gui\view\preferences\appearance_page.h">
      <Filter>Header Files</Filter>
    </ClInclude>
    <ClInclude Include="src\core\subtitle\parser\sbv_components.h">
      <Filter>Header Files</Filter>
    </ClInclude>
    <ClInclude Include="src\core\subtitle\parser\sbv_parser.h">
      <Filter>Header Files</Filter>
    </ClInclude>
    <ClInclude Include="src\core\stylesheet\subtitle_font_styles.h">
      <Filter>Header Files</Filter>
    </ClInclude>
    <ClInclude Include="src\gui\widgets\crow_player_wrapper\crow_player_wrapper.h">
      <Filter>Header Files</Filter>
    </ClInclude>
  </ItemGroup>
  <ItemGroup>
    <QtMoc Include="src\core\project\project_data.h">
      <Filter>Header Files</Filter>
    </QtMoc>
    <QtMoc Include="..\vendor\qass\src\QtAdvancedStylesheet.h">
      <Filter>Vendor Files\QASS</Filter>
    </QtMoc>
    <QtMoc Include="src\gui\view\splash_window\splash_window.h">
      <Filter>Header Files</Filter>
    </QtMoc>
    <QtMoc Include="src\gui\view\create_project_dialog\create_project_dialog.h">
      <Filter>Header Files</Filter>
    </QtMoc>
    <QtMoc Include="src\gui\view\crow_window\crow_window.h">
      <Filter>Header Files</Filter>
    </QtMoc>
    <QtMoc Include="src\gui\widgets\hideable_dock\hideable_dock.h">
      <Filter>Header Files</Filter>
    </QtMoc>
    <QtMoc Include="src\gui\model\episode_model.h">
      <Filter>Header Files</Filter>
    </QtMoc>
    <QtMoc Include="src\gui\widgets\crow_player\crow_player.h">
      <Filter>Header Files</Filter>
    </QtMoc>
    <QtMoc Include="src\core\mpv\mpv_handler.h">
      <Filter>Header Files</Filter>
    </QtMoc>
    <QtMoc Include="src\gui\widgets\mpv_widget\mpv_widget.h">
      <Filter>Header Files</Filter>
    </QtMoc>
    <QtMoc Include="src\gui\widgets\player_controls\player_controls.h">
      <Filter>Header Files</Filter>
    </QtMoc>
    <QtMoc Include="src\gui\worker\mpv_track_worker.h">
      <Filter>Header Files</Filter>
    </QtMoc>
    <QtMoc Include="src\gui\worker\mpv_audio_device_worker.h">
      <Filter>Header Files</Filter>
    </QtMoc>
    <QtMoc Include="src\gui\model\subtitle_model.h">
      <Filter>Header Files</Filter>
    </QtMoc>
    <QtMoc Include="src\gui\widgets\subtitle_list_view\subtitle_list_view.h">
      <Filter>Header Files</Filter>
    </QtMoc>
    <QtMoc Include="src\gui\view\preferences\preferences_dialog.h">
      <Filter>Header Files</Filter>
    </QtMoc>
    <QtMoc Include="src\gui\worker\subtitle_worker.h">
      <Filter>Header Files</Filter>
    </QtMoc>
    <QtMoc Include="src\core\stylesheet\stylesheet_handler.h">
      <Filter>Header Files</Filter>
    </QtMoc>
    <QtMoc Include="src\gui\widgets\episode_manager\episode_manager.h">
      <Filter>Header Files</Filter>
    </QtMoc>
    <QtMoc Include="src\gui\view\crow_window\crow_window_actions.h">
      <Filter>Header Files</Filter>
    </QtMoc>
  </ItemGroup>
  <ItemGroup>
    <QtRcc Include="res\sore_crow.qrc">
      <Filter>Resource Files</Filter>
    </QtRcc>
  </ItemGroup>
  <ItemGroup>
    <Image Include="res\sore-crow.ico">
      <Filter>Resource Files</Filter>
    </Image>
  </ItemGroup>
  <ItemGroup>
    <QtUic Include="res\designer\splash_window.ui">
      <Filter>Form Files</Filter>
    </QtUic>
    <QtUic Include="res\designer\create_project_dialog.ui">
      <Filter>Form Files</Filter>
    </QtUic>
    <QtUic Include="res\designer\crow_window.ui">
      <Filter>Form Files</Filter>
    </QtUic>
    <QtUic Include="res\designer\player_controls.ui">
      <Filter>Form Files</Filter>
    </QtUic>
    <QtUic Include="res\designer\preferences\preferences.ui">
      <Filter>Form Files</Filter>
    </QtUic>
    <QtUic Include="res\designer\preferences\appearance_page.ui">
      <Filter>Form Files</Filter>
    </QtUic>
    <QtUic Include="res\designer\episode_manager.ui">
      <Filter>Form Files</Filter>
    </QtUic>
  </ItemGroup>
  <ItemGroup>
    <None Include="res\mpv.conf" />
    <None Include="..\.gitignore" />
    <None Include="scripts\copy_resources.py" />
  </ItemGroup>
</Project>