<?xml version="1.0" encoding="utf-8"?>
<Project ToolsVersion="4.0" xmlns="http://schemas.microsoft.com/developer/msbuild/2003">
  <ItemGroup>
    <Filter Include="Source Files">
      <UniqueIdentifier>{4FC737F1-C7A5-4376-A066-2A32D752A2FF}</UniqueIdentifier>
      <Extensions>qml;cpp;c;cc;cxx;def;odl;idl;hpj;bat;asm;asmx</Extensions>
    </Filter>
    <Filter Include="Header Files">
      <UniqueIdentifier>{93995380-89BD-4b04-88EB-625FBE52EBFB}</UniqueIdentifier>
      <Extensions>h;hh;hpp;hxx;hm;inl;inc;xsd</Extensions>
    </Filter>
    <Filter Include="Resource Files">
      <UniqueIdentifier>{67DA6AB6-F800-4c08-8B7A-83BB121AAD01}</UniqueIdentifier>
      <Extensions>qrc;rc;ico;cur;bmp;dlg;rc2;rct;bin;rgs;gif;jpg;jpeg;jpe;resx;tiff;tif;png;wav;mfcribbon-ms</Extensions>
    </Filter>
    <Filter Include="Form Files">
      <UniqueIdentifier>{99349809-55BA-4b9d-BF79-8FDBB0286EB3}</UniqueIdentifier>
      <Extensions>ui</Extensions>
    </Filter>
    <Filter Include="Translation Files">
      <UniqueIdentifier>{639EADAA-A684-42e4-A9AD-28FC9BCB8F7C}</UniqueIdentifier>
      <Extensions>ts</Extensions>
    </Filter>
  </ItemGroup>
  <ItemGroup>
    <QtMoc Include="vendor\qcss\src\QtAdvancedStylesheet.h">
      <Filter>Header Files</Filter>
    </QtMoc>
    <QtMoc Include="src\gui\view\dialog\create_project_dialog.h">
      <Filter>Header Files</Filter>
    </QtMoc>
    <QtMoc Include="src\gui\widgets\QHideableDockWidget.h">
      <Filter>Header Files</Filter>
    </QtMoc>
    <QtMoc Include="src\gui\view\crow_window\crow_window.h">
      <Filter>Header Files</Filter>
    </QtMoc>
    <QtMoc Include="src\gui\objects\crow_media_handler.h">
      <Filter>Header Files</Filter>
    </QtMoc>
    <QtMoc Include="src\gui\view\splash_window\splash_window.h">
      <Filter>Header Files</Filter>
    </QtMoc>
    <QtMoc Include="src\core\logger\logger.h">
      <Filter>Header Files</Filter>
    </QtMoc>
    <QtMoc Include="src\gui\widgets\crownsole\crownsole.h">
      <Filter>Header Files</Filter>
    </QtMoc>
    <QtMoc Include="src\gui\widgets\crow_video\crow_video.h">
      <Filter>Header Files</Filter>
    </QtMoc>
    <QtMoc Include="src\gui\widgets\episode_widget\episode_widget.h">
      <Filter>Header Files</Filter>
    </QtMoc>
    <QtMoc Include="src\gui\widgets\player_controls\player_controls.h">
      <Filter>Header Files</Filter>
    </QtMoc>
    <QtMoc Include="src\gui\widgets\episode_list\episode_list_widget.h">
      <Filter>Header Files</Filter>
    </QtMoc>
    <QtMoc Include="src\gui\objects\subtitle_handler.h">
      <Filter>Header Files</Filter>
    </QtMoc>
    <QtMoc Include="src\gui\widgets\subtitle_view\subtitle_view.h">
      <Filter>Header Files</Filter>
    </QtMoc>
    <QtMoc Include="src\gui\model\subtitle_model.h">
      <Filter>Header Files</Filter>
    </QtMoc>
  </ItemGroup>
  <ItemGroup>
    <ClCompile Include="src\main.cpp">
      <Filter>Source Files</Filter>
    </ClCompile>
    <ClCompile Include="src\crow_app.cpp">
      <Filter>Source Files</Filter>
    </ClCompile>
    <ClCompile Include="vendor\qcss\src\QtAdvancedStylesheet.cpp">
      <Filter>Source Files</Filter>
    </ClCompile>
    <ClCompile Include="src\gui\controller\main_controller.cpp">
      <Filter>Source Files</Filter>
    </ClCompile>
    <ClCompile Include="src\core\project\project_metadata.cpp">
      <Filter>Source Files</Filter>
    </ClCompile>
    <ClCompile Include="src\pch.cpp">
      <Filter>Source Files</Filter>
    </ClCompile>
    <ClCompile Include="src\gui\view\dialog\create_project_dialog.cpp">
      <Filter>Source Files</Filter>
    </ClCompile>
    <ClCompile Include="src\gui\view\splash_window\splash_window.cpp">
      <Filter>Source Files</Filter>
    </ClCompile>
    <ClCompile Include="src\gui\view\crow_window\crow_window.cpp">
      <Filter>Source Files</Filter>
    </ClCompile>
    <ClCompile Include="src\gui\widgets\crownsole\crownsole.cpp">
      <Filter>Source Files</Filter>
    </ClCompile>
    <ClCompile Include="src\gui\widgets\crow_video\crow_video.cpp">
      <Filter>Source Files</Filter>
    </ClCompile>
    <ClCompile Include="src\gui\widgets\episode_list\episode_list_widget.cpp">
      <Filter>Source Files</Filter>
    </ClCompile>
    <ClCompile Include="src\gui\widgets\episode_widget\episode_widget.cpp">
      <Filter>Source Files</Filter>
    </ClCompile>
    <ClCompile Include="src\gui\widgets\player_controls\player_controls.cpp">
      <Filter>Source Files</Filter>
    </ClCompile>
  </ItemGroup>
  <ItemGroup>
    <ClInclude Include="src\crow_app.h">
      <Filter>Header Files</Filter>
    </ClInclude>
    <ClInclude Include="src\gui\controller\main_controller.h">
      <Filter>Header Files</Filter>
    </ClInclude>
    <ClInclude Include="vendor\qcss\src\acss_globals.h">
      <Filter>Header Files</Filter>
    </ClInclude>
    <ClInclude Include="src\core\project\project_data.h">
      <Filter>Header Files</Filter>
    </ClInclude>
    <ClInclude Include="src\utils\dialog.h">
      <Filter>Header Files</Filter>
    </ClInclude>
    <ClInclude Include="src\pch.h">
      <Filter>Header Files</Filter>
    </ClInclude>
    <ClInclude Include="src\utils\string_utils.h">
      <Filter>Header Files</Filter>
    </ClInclude>
    <ClInclude Include="src\core\project\metadata.h">
      <Filter>Header Files</Filter>
    </ClInclude>
    <ClInclude Include="vendor\srt-parser\srtparser.h">
      <Filter>Header Files</Filter>
    </ClInclude>
    <ClInclude Include="src\utils\video_utils.h">
      <Filter>Header Files</Filter>
    </ClInclude>
    <ClInclude Include="src\utils\filesystem_utils.h">
      <Filter>Header Files</Filter>
    </ClInclude>
    <ClInclude Include="src\utils\extension_utils.h">
      <Filter>Header Files</Filter>
    </ClInclude>
    <ClInclude Include="src\gui\view\dialog\create_project_dialog_data.h">
      <Filter>Header Files</Filter>
    </ClInclude>
    <ClInclude Include="src\utils\uuid_utils.h">
      <Filter>Header Files</Filter>
    </ClInclude>
    <ClInclude Include="src\core\logger\severity.h">
      <Filter>Header Files</Filter>
    </ClInclude>
    <ClInclude Include="src\core\global_data.h">
      <Filter>Header Files</Filter>
    </ClInclude>
    <ClInclude Include="src\utils\message_box.h">
      <Filter>Header Files</Filter>
    </ClInclude>
    <ClInclude Include="src\core\subtitle\subtitle_data.h">
      <Filter>Header Files</Filter>
    </ClInclude>
    <ClInclude Include="src\core\subtitle\subtitle_parser.h">
      <Filter>Header Files</Filter>
    </ClInclude>
    <ClInclude Include="src\core\subtitle\subtitle_factory.h">
      <Filter>Header Files</Filter>
    </ClInclude>
    <ClInclude Include="src\core\subtitle\concrete_parsers\srt_parser.h">
      <Filter>Header Files</Filter>
    </ClInclude>
    <ClInclude Include="src\gui\objects\subtitle_item.h">
      <Filter>Header Files</Filter>
    </ClInclude>
    <ClInclude Include="src\core\plugin\manifest.h">
      <Filter>Header Files</Filter>
    </ClInclude>
    <ClInclude Include="src\core\plugin\plugin_handler.h">
      <Filter>Header Files</Filter>
    </ClInclude>
    <ClInclude Include="src\core\plugin\plugin_type.h">
      <Filter>Header Files</Filter>
    </ClInclude>
  </ItemGroup>
  <ItemGroup>
    <QtUic Include="res\designer\crow_window.ui">
      <Filter>Form Files</Filter>
    </QtUic>
    <QtUic Include="res\designer\splash_window.ui">
      <Filter>Form Files</Filter>
    </QtUic>
    <QtUic Include="res\designer\episode.ui">
      <Filter>Form Files</Filter>
    </QtUic>
    <QtUic Include="res\designer\create_project_dialog.ui">
      <Filter>Form Files</Filter>
    </QtUic>
    <QtUic Include="res\designer\player_controls.ui">
      <Filter>Form Files</Filter>
    </QtUic>
    <QtUic Include="res\designer\crownsole.ui">
      <Filter>Form Files</Filter>
    </QtUic>
    <QtUic Include="res\designer\subtitle.ui">
      <Filter>Form Files</Filter>
    </QtUic>
  </ItemGroup>
  <ItemGroup>
    <None Include="vcpkg.json" />
    <None Include="..\.gitignore">
      <Filter>Resource Files</Filter>
    </None>
  </ItemGroup>
  <ItemGroup>
    <QtRcc Include="res\create_project_dialog_resource.qrc">
      <Filter>Resource Files</Filter>
    </QtRcc>
    <QtRcc Include="res\player_controls_resources.qrc">
      <Filter>Resource Files</Filter>
    </QtRcc>
    <QtRcc Include="res\subtitle_resources.qrc">
      <Filter>Resource Files</Filter>
    </QtRcc>
  </ItemGroup>
</Project>